
Microsoft Visual Studio Solution File, Format Version 12.00
# Visual Studio 2012
Project("{8BC9CEB8-8B4A-11D0-8D11-00A0C91BC942}") = "MergeSortDLib", "MergeSortDLib\MergeSortDLib.vcxproj", "{EC6ECC23-EA18-46C4-B9CA-9EDC72210954}"
EndProject
Global
	GlobalSection(SolutionConfigurationPlatforms) = preSolution
		Debug|Win32 = Debug|Win32
		Release|Win32 = Release|Win32
	EndGlobalSection
	GlobalSection(ProjectConfigurationPlatforms) = postSolution
		{EC6ECC23-EA18-46C4-B9CA-9EDC72210954}.Debug|Win32.ActiveCfg = Debug|Win32
		{EC6ECC23-EA18-46C4-B9CA-9EDC72210954}.Debug|Win32.Build.0 = Debug|Win32
		{EC6ECC23-EA18-46C4-B9CA-9EDC72210954}.Release|Win32.ActiveCfg = Release|Win32
		{EC6ECC23-EA18-46C4-B9CA-9EDC72210954}.Release|Win32.Build.0 = Release|Win32
	EndGlobalSection
	GlobalSection(SolutionProperties) = preSolution
		HideSolutionNode = FALSE
	EndGlobalSection
EndGlobal
